
Microsoft Visual Studio Solution File, Format Version 12.00
# Visual Studio 2015
Project("{FAE04EC0-301F-11D3-BF4B-00C04F79EFBC}") = "GirlAndGhost.CSharp", "GirlAndGhost.CSharp.csproj", "{172F7C3F-E424-9E89-0037-81EF802B796B}"
EndProject
Project("{FAE04EC0-301F-11D3-BF4B-00C04F79EFBC}") = "GirlAndGhost.CSharp.Editor", "GirlAndGhost.CSharp.Editor.csproj", "{09070541-CAAA-3480-0485-FECB36292B07}"
EndProject
Global
	GlobalSection(SolutionConfigurationPlatforms) = preSolution
		Debug|Any CPU = Debug|Any CPU
		Release|Any CPU = Release|Any CPU
	EndGlobalSection
	GlobalSection(ProjectConfigurationPlatforms) = postSolution
		{172F7C3F-E424-9E89-0037-81EF802B796B}.Debug|Any CPU.ActiveCfg = Debug|Any CPU
		{172F7C3F-E424-9E89-0037-81EF802B796B}.Debug|Any CPU.Build.0 = Debug|Any CPU
		{172F7C3F-E424-9E89-0037-81EF802B796B}.Release|Any CPU.ActiveCfg = Release|Any CPU
		{172F7C3F-E424-9E89-0037-81EF802B796B}.Release|Any CPU.Build.0 = Release|Any CPU
		{09070541-CAAA-3480-0485-FECB36292B07}.Debug|Any CPU.ActiveCfg = Debug|Any CPU
		{09070541-CAAA-3480-0485-FECB36292B07}.Debug|Any CPU.Build.0 = Debug|Any CPU
		{09070541-CAAA-3480-0485-FECB36292B07}.Release|Any CPU.ActiveCfg = Release|Any CPU
		{09070541-CAAA-3480-0485-FECB36292B07}.Release|Any CPU.Build.0 = Release|Any CPU
	EndGlobalSection
	GlobalSection(SolutionProperties) = preSolution
		HideSolutionNode = FALSE
	EndGlobalSection
EndGlobal
