Microsoft Visual Studio Solution File, Format Version 11.00
# Visual Studio 2008

Project("{CB6C5DAB-D9B8-8EFD-2391-B81AEB1B39D6}") = "02-Project", "Assembly-CSharp-firstpass-vs.csproj", "{FAD70672-F3DB-3BB4-42C7-35A4A233E01E}"
EndProject
Project("{CB6C5DAB-D9B8-8EFD-2391-B81AEB1B39D6}") = "02-Project", "Assembly-CSharp-vs.csproj", "{E52200F7-BB05-E001-440B-31184A6E195A}"
EndProject
Project("{CB6C5DAB-D9B8-8EFD-2391-B81AEB1B39D6}") = "02-Project", "Assembly-CSharp-Editor-firstpass-vs.csproj", "{56B215D0-D94E-B97C-80E9-2043DA2837E0}"
EndProject
Global
	GlobalSection(SolutionConfigurationPlatforms) = preSolution
		Debug|Any CPU = Debug|Any CPU
		Release|Any CPU = Release|Any CPU
	EndGlobalSection
	GlobalSection(ProjectConfigurationPlatforms) = postSolution
		{FAD70672-F3DB-3BB4-42C7-35A4A233E01E}.Debug|Any CPU.ActiveCfg = Debug|Any CPU
		{FAD70672-F3DB-3BB4-42C7-35A4A233E01E}.Debug|Any CPU.Build.0 = Debug|Any CPU
		{FAD70672-F3DB-3BB4-42C7-35A4A233E01E}.Release|Any CPU.ActiveCfg = Release|Any CPU
		{FAD70672-F3DB-3BB4-42C7-35A4A233E01E}.Release|Any CPU.Build.0 = Release|Any CPU
		{E52200F7-BB05-E001-440B-31184A6E195A}.Debug|Any CPU.ActiveCfg = Debug|Any CPU
		{E52200F7-BB05-E001-440B-31184A6E195A}.Debug|Any CPU.Build.0 = Debug|Any CPU
		{E52200F7-BB05-E001-440B-31184A6E195A}.Release|Any CPU.ActiveCfg = Release|Any CPU
		{E52200F7-BB05-E001-440B-31184A6E195A}.Release|Any CPU.Build.0 = Release|Any CPU
		{56B215D0-D94E-B97C-80E9-2043DA2837E0}.Debug|Any CPU.ActiveCfg = Debug|Any CPU
		{56B215D0-D94E-B97C-80E9-2043DA2837E0}.Debug|Any CPU.Build.0 = Debug|Any CPU
		{56B215D0-D94E-B97C-80E9-2043DA2837E0}.Release|Any CPU.ActiveCfg = Release|Any CPU
		{56B215D0-D94E-B97C-80E9-2043DA2837E0}.Release|Any CPU.Build.0 = Release|Any CPU
	EndGlobalSection
	GlobalSection(SolutionProperties) = preSolution
		HideSolutionNode = FALSE
	EndGlobalSection
																																																																																																																																																																																																																																																																																																																																																																																																																																																																																																																																																																																																																								GlobalSection(MonoDevelopProperties) = preSolution
		StartupItem = Assembly-CSharp.csproj
		Policies = $0
		$0.TextStylePolicy = $1
		$1.inheritsSet = null
		$1.scope = text/x-csharp
		$0.CSharpFormattingPolicy = $2
		$2.inheritsSet = Mono
		$2.inheritsScope = text/x-csharp
		$2.scope = text/x-csharp
		$0.TextStylePolicy = $3
		$3.FileWidth = 120
		$3.TabWidth = 4
		$3.EolMarker = Unix
		$3.inheritsSet = Mono
		$3.inheritsScope = text/plain
		$3.scope = text/plain
	EndGlobalSection

EndGlobal
